// !$*UTF8*$!
{
	archiveVersion = 1;
	classes = {
	};
	objectVersion = 56;
	objects = {

/* Begin PBXBuildFile section */
		C32D6C4A2B2A1193005E4940 /* WeatherImageView.swift in Sources */ = {isa = PBXBuildFile; fileRef = C32D6C492B2A1193005E4940 /* WeatherImageView.swift */; };
		C32D6C4E2B2A1647005E4940 /* TemperaturesWeatherView.swift in Sources */ = {isa = PBXBuildFile; fileRef = C32D6C4D2B2A1647005E4940 /* TemperaturesWeatherView.swift */; };
		C32D6C502B2A1AED005E4940 /* ConditionsView.swift in Sources */ = {isa = PBXBuildFile; fileRef = C32D6C4F2B2A1AED005E4940 /* ConditionsView.swift */; };
		C394536D2B17979100EA182F /* WeatherModel.swift in Sources */ = {isa = PBXBuildFile; fileRef = C394536C2B17979100EA182F /* WeatherModel.swift */; };
		C39453702B17D61C00EA182F /* WeatherRow.swift in Sources */ = {isa = PBXBuildFile; fileRef = C394536F2B17D61C00EA182F /* WeatherRow.swift */; };
		C39453732B276A4500EA182F /* SevenDaysWeatherView.swift in Sources */ = {isa = PBXBuildFile; fileRef = C39453722B276A4500EA182F /* SevenDaysWeatherView.swift */; };
		C39453752B276AB600EA182F /* DailyWeatherRowView.swift in Sources */ = {isa = PBXBuildFile; fileRef = C39453742B276AB600EA182F /* DailyWeatherRowView.swift */; };
		C39E71BB2B15F6C800E7D3B4 /* WeatherNowApp.swift in Sources */ = {isa = PBXBuildFile; fileRef = C39E71BA2B15F6C800E7D3B4 /* WeatherNowApp.swift */; };
		C39E71BD2B15F6C800E7D3B4 /* ContentView.swift in Sources */ = {isa = PBXBuildFile; fileRef = C39E71BC2B15F6C800E7D3B4 /* ContentView.swift */; };
		C39E71BF2B15F6CA00E7D3B4 /* Assets.xcassets in Resources */ = {isa = PBXBuildFile; fileRef = C39E71BE2B15F6CA00E7D3B4 /* Assets.xcassets */; };
		C39E71C22B15F6CA00E7D3B4 /* Preview Assets.xcassets in Resources */ = {isa = PBXBuildFile; fileRef = C39E71C12B15F6CA00E7D3B4 /* Preview Assets.xcassets */; };
		C39E71CA2B15F7E700E7D3B4 /* LocationManager.swift in Sources */ = {isa = PBXBuildFile; fileRef = C39E71C92B15F7E700E7D3B4 /* LocationManager.swift */; };
		C39E71CF2B1607F100E7D3B4 /* LoadingView.swift in Sources */ = {isa = PBXBuildFile; fileRef = C39E71CE2B1607F100E7D3B4 /* LoadingView.swift */; };
		C39E71D12B1608AC00E7D3B4 /* WeatherManager.swift in Sources */ = {isa = PBXBuildFile; fileRef = C39E71D02B1608AC00E7D3B4 /* WeatherManager.swift */; };
		C39E71D32B17766200E7D3B4 /* WeatherView.swift in Sources */ = {isa = PBXBuildFile; fileRef = C39E71D22B17766200E7D3B4 /* WeatherView.swift */; };
		C39E71D52B1776C200E7D3B4 /* ModelData.swift in Sources */ = {isa = PBXBuildFile; fileRef = C39E71D42B1776C200E7D3B4 /* ModelData.swift */; };
		C39E71D72B1778E400E7D3B4 /* weatherData.json in Resources */ = {isa = PBXBuildFile; fileRef = C39E71D62B1778E400E7D3B4 /* weatherData.json */; };
		C39E71D92B177A1200E7D3B4 /* Extensions.swift in Sources */ = {isa = PBXBuildFile; fileRef = C39E71D82B177A1200E7D3B4 /* Extensions.swift */; };
		C3D0226D2B547E760077297D /* WeekdayWeatherView.swift in Sources */ = {isa = PBXBuildFile; fileRef = C3D0226C2B547E760077297D /* WeekdayWeatherView.swift */; };
		C3D022992B5C2B420077297D /* Router.swift in Sources */ = {isa = PBXBuildFile; fileRef = C3D022982B5C2B420077297D /* Router.swift */; };
		C3E0E0AE2B7641D7003B7FCE /* WeatherNowTests.swift in Sources */ = {isa = PBXBuildFile; fileRef = C3E0E0AD2B7641D7003B7FCE /* WeatherNowTests.swift */; };
		C3E0E0B52B764D6D003B7FCE /* ResponseBodyTests.swift in Sources */ = {isa = PBXBuildFile; fileRef = C3E0E0B42B764D6D003B7FCE /* ResponseBodyTests.swift */; };
		C3E0E0B72B768529003B7FCE /* ExtensionsTests.swift in Sources */ = {isa = PBXBuildFile; fileRef = C3E0E0B62B768529003B7FCE /* ExtensionsTests.swift */; };
		C3E0E0B92B768B1B003B7FCE /* weatherData.json in Resources */ = {isa = PBXBuildFile; fileRef = C3E0E0B82B768B1B003B7FCE /* weatherData.json */; };
		C3E0E0BB2B768B91003B7FCE /* Decoder.swift in Sources */ = {isa = PBXBuildFile; fileRef = C3E0E0BA2B768B91003B7FCE /* Decoder.swift */; };
/* End PBXBuildFile section */

/* Begin PBXContainerItemProxy section */
		C3E0E0AF2B7641D7003B7FCE /* PBXContainerItemProxy */ = {
			isa = PBXContainerItemProxy;
			containerPortal = C39E71AF2B15F6C800E7D3B4 /* Project object */;
			proxyType = 1;
			remoteGlobalIDString = C39E71B62B15F6C800E7D3B4;
			remoteInfo = WeatherNow;
		};
/* End PBXContainerItemProxy section */

/* Begin PBXFileReference section */
		C32D6C492B2A1193005E4940 /* WeatherImageView.swift */ = {isa = PBXFileReference; lastKnownFileType = sourcecode.swift; path = WeatherImageView.swift; sourceTree = "<group>"; };
		C32D6C4D2B2A1647005E4940 /* TemperaturesWeatherView.swift */ = {isa = PBXFileReference; lastKnownFileType = sourcecode.swift; path = TemperaturesWeatherView.swift; sourceTree = "<group>"; };
		C32D6C4F2B2A1AED005E4940 /* ConditionsView.swift */ = {isa = PBXFileReference; lastKnownFileType = sourcecode.swift; path = ConditionsView.swift; sourceTree = "<group>"; };
		C394536C2B17979100EA182F /* WeatherModel.swift */ = {isa = PBXFileReference; lastKnownFileType = sourcecode.swift; path = WeatherModel.swift; sourceTree = "<group>"; };
		C394536F2B17D61C00EA182F /* WeatherRow.swift */ = {isa = PBXFileReference; lastKnownFileType = sourcecode.swift; path = WeatherRow.swift; sourceTree = "<group>"; };
		C39453712B19F95200EA182F /* Info.plist */ = {isa = PBXFileReference; lastKnownFileType = text.plist; path = Info.plist; sourceTree = "<group>"; };
		C39453722B276A4500EA182F /* SevenDaysWeatherView.swift */ = {isa = PBXFileReference; lastKnownFileType = sourcecode.swift; path = SevenDaysWeatherView.swift; sourceTree = "<group>"; };
		C39453742B276AB600EA182F /* DailyWeatherRowView.swift */ = {isa = PBXFileReference; lastKnownFileType = sourcecode.swift; path = DailyWeatherRowView.swift; sourceTree = "<group>"; };
		C39E71B72B15F6C800E7D3B4 /* WeatherNow.app */ = {isa = PBXFileReference; explicitFileType = wrapper.application; includeInIndex = 0; path = WeatherNow.app; sourceTree = BUILT_PRODUCTS_DIR; };
		C39E71BA2B15F6C800E7D3B4 /* WeatherNowApp.swift */ = {isa = PBXFileReference; lastKnownFileType = sourcecode.swift; path = WeatherNowApp.swift; sourceTree = "<group>"; };
		C39E71BC2B15F6C800E7D3B4 /* ContentView.swift */ = {isa = PBXFileReference; lastKnownFileType = sourcecode.swift; path = ContentView.swift; sourceTree = "<group>"; };
		C39E71BE2B15F6CA00E7D3B4 /* Assets.xcassets */ = {isa = PBXFileReference; lastKnownFileType = folder.assetcatalog; path = Assets.xcassets; sourceTree = "<group>"; };
		C39E71C12B15F6CA00E7D3B4 /* Preview Assets.xcassets */ = {isa = PBXFileReference; lastKnownFileType = folder.assetcatalog; path = "Preview Assets.xcassets"; sourceTree = "<group>"; };
		C39E71C92B15F7E700E7D3B4 /* LocationManager.swift */ = {isa = PBXFileReference; lastKnownFileType = sourcecode.swift; path = LocationManager.swift; sourceTree = "<group>"; };
		C39E71CE2B1607F100E7D3B4 /* LoadingView.swift */ = {isa = PBXFileReference; lastKnownFileType = sourcecode.swift; path = LoadingView.swift; sourceTree = "<group>"; };
		C39E71D02B1608AC00E7D3B4 /* WeatherManager.swift */ = {isa = PBXFileReference; lastKnownFileType = sourcecode.swift; path = WeatherManager.swift; sourceTree = "<group>"; };
		C39E71D22B17766200E7D3B4 /* WeatherView.swift */ = {isa = PBXFileReference; lastKnownFileType = sourcecode.swift; path = WeatherView.swift; sourceTree = "<group>"; };
		C39E71D42B1776C200E7D3B4 /* ModelData.swift */ = {isa = PBXFileReference; lastKnownFileType = sourcecode.swift; path = ModelData.swift; sourceTree = "<group>"; };
		C39E71D62B1778E400E7D3B4 /* weatherData.json */ = {isa = PBXFileReference; lastKnownFileType = text.json; path = weatherData.json; sourceTree = "<group>"; };
		C39E71D82B177A1200E7D3B4 /* Extensions.swift */ = {isa = PBXFileReference; lastKnownFileType = sourcecode.swift; path = Extensions.swift; sourceTree = "<group>"; };
		C3D0226C2B547E760077297D /* WeekdayWeatherView.swift */ = {isa = PBXFileReference; lastKnownFileType = sourcecode.swift; path = WeekdayWeatherView.swift; sourceTree = "<group>"; };
		C3D022982B5C2B420077297D /* Router.swift */ = {isa = PBXFileReference; lastKnownFileType = sourcecode.swift; path = Router.swift; sourceTree = "<group>"; };
		C3E0E0AB2B7641D7003B7FCE /* WeatherNowTests.xctest */ = {isa = PBXFileReference; explicitFileType = wrapper.cfbundle; includeInIndex = 0; path = WeatherNowTests.xctest; sourceTree = BUILT_PRODUCTS_DIR; };
		C3E0E0AD2B7641D7003B7FCE /* WeatherNowTests.swift */ = {isa = PBXFileReference; lastKnownFileType = sourcecode.swift; path = WeatherNowTests.swift; sourceTree = "<group>"; };
		C3E0E0B42B764D6D003B7FCE /* ResponseBodyTests.swift */ = {isa = PBXFileReference; lastKnownFileType = sourcecode.swift; path = ResponseBodyTests.swift; sourceTree = "<group>"; };
		C3E0E0B62B768529003B7FCE /* ExtensionsTests.swift */ = {isa = PBXFileReference; lastKnownFileType = sourcecode.swift; path = ExtensionsTests.swift; sourceTree = "<group>"; };
		C3E0E0B82B768B1B003B7FCE /* weatherData.json */ = {isa = PBXFileReference; lastKnownFileType = text.json; path = weatherData.json; sourceTree = "<group>"; };
		C3E0E0BA2B768B91003B7FCE /* Decoder.swift */ = {isa = PBXFileReference; lastKnownFileType = sourcecode.swift; path = Decoder.swift; sourceTree = "<group>"; };
/* End PBXFileReference section */

/* Begin PBXFrameworksBuildPhase section */
		C39E71B42B15F6C800E7D3B4 /* Frameworks */ = {
			isa = PBXFrameworksBuildPhase;
			buildActionMask = 2147483647;
			files = (
			);
			runOnlyForDeploymentPostprocessing = 0;
		};
		C3E0E0A82B7641D7003B7FCE /* Frameworks */ = {
			isa = PBXFrameworksBuildPhase;
			buildActionMask = 2147483647;
			files = (
			);
			runOnlyForDeploymentPostprocessing = 0;
		};
/* End PBXFrameworksBuildPhase section */

/* Begin PBXGroup section */
		C394536E2B17D60000EA182F /* Components */ = {
			isa = PBXGroup;
			children = (
				C32D6C4D2B2A1647005E4940 /* TemperaturesWeatherView.swift */,
				C39453742B276AB600EA182F /* DailyWeatherRowView.swift */,
				C394536F2B17D61C00EA182F /* WeatherRow.swift */,
				C32D6C4F2B2A1AED005E4940 /* ConditionsView.swift */,
				C32D6C492B2A1193005E4940 /* WeatherImageView.swift */,
			);
			path = Components;
			sourceTree = "<group>";
		};
		C39E71AE2B15F6C800E7D3B4 = {
			isa = PBXGroup;
			children = (
				C39E71B92B15F6C800E7D3B4 /* WeatherNow */,
				C3E0E0AC2B7641D7003B7FCE /* WeatherNowTests */,
				C39E71B82B15F6C800E7D3B4 /* Products */,
			);
			sourceTree = "<group>";
		};
		C39E71B82B15F6C800E7D3B4 /* Products */ = {
			isa = PBXGroup;
			children = (
				C39E71B72B15F6C800E7D3B4 /* WeatherNow.app */,
				C3E0E0AB2B7641D7003B7FCE /* WeatherNowTests.xctest */,
			);
			name = Products;
			sourceTree = "<group>";
		};
		C39E71B92B15F6C800E7D3B4 /* WeatherNow */ = {
			isa = PBXGroup;
			children = (
				C39453712B19F95200EA182F /* Info.plist */,
				C39E71BA2B15F6C800E7D3B4 /* WeatherNowApp.swift */,
				C39E71CB2B15FE2400E7D3B4 /* Views */,
				C39E71C82B15F7CD00E7D3B4 /* Managers */,
				C394536E2B17D60000EA182F /* Components */,
				C39E71D82B177A1200E7D3B4 /* Extensions.swift */,
				C39E71BE2B15F6CA00E7D3B4 /* Assets.xcassets */,
				C39E71C02B15F6CA00E7D3B4 /* Preview Content */,
			);
			path = WeatherNow;
			sourceTree = "<group>";
		};
		C39E71C02B15F6CA00E7D3B4 /* Preview Content */ = {
			isa = PBXGroup;
			children = (
				C39E71C12B15F6CA00E7D3B4 /* Preview Assets.xcassets */,
				C39E71D42B1776C200E7D3B4 /* ModelData.swift */,
				C39E71D62B1778E400E7D3B4 /* weatherData.json */,
			);
			path = "Preview Content";
			sourceTree = "<group>";
		};
		C39E71C82B15F7CD00E7D3B4 /* Managers */ = {
			isa = PBXGroup;
			children = (
				C39E71C92B15F7E700E7D3B4 /* LocationManager.swift */,
				C39E71D02B1608AC00E7D3B4 /* WeatherManager.swift */,
				C394536C2B17979100EA182F /* WeatherModel.swift */,
				C3D022982B5C2B420077297D /* Router.swift */,
			);
			path = Managers;
			sourceTree = "<group>";
		};
		C39E71CB2B15FE2400E7D3B4 /* Views */ = {
			isa = PBXGroup;
			children = (
				C39E71BC2B15F6C800E7D3B4 /* ContentView.swift */,
				C39E71D22B17766200E7D3B4 /* WeatherView.swift */,
				C39453722B276A4500EA182F /* SevenDaysWeatherView.swift */,
				C3D0226C2B547E760077297D /* WeekdayWeatherView.swift */,
				C39E71CE2B1607F100E7D3B4 /* LoadingView.swift */,
			);
			path = Views;
			sourceTree = "<group>";
		};
		C3E0E0AC2B7641D7003B7FCE /* WeatherNowTests */ = {
			isa = PBXGroup;
			children = (
				C3E0E0AD2B7641D7003B7FCE /* WeatherNowTests.swift */,
				C3E0E0B42B764D6D003B7FCE /* ResponseBodyTests.swift */,
				C3E0E0B62B768529003B7FCE /* ExtensionsTests.swift */,
				C3E0E0B82B768B1B003B7FCE /* weatherData.json */,
				C3E0E0BA2B768B91003B7FCE /* Decoder.swift */,
			);
			path = WeatherNowTests;
			sourceTree = "<group>";
		};
/* End PBXGroup section */

/* Begin PBXNativeTarget section */
		C39E71B62B15F6C800E7D3B4 /* WeatherNow */ = {
			isa = PBXNativeTarget;
			buildConfigurationList = C39E71C52B15F6CA00E7D3B4 /* Build configuration list for PBXNativeTarget "WeatherNow" */;
			buildPhases = (
				C39E71B32B15F6C800E7D3B4 /* Sources */,
				C39E71B42B15F6C800E7D3B4 /* Frameworks */,
				C39E71B52B15F6C800E7D3B4 /* Resources */,
			);
			buildRules = (
			);
			dependencies = (
			);
			name = WeatherNow;
			productName = WeatherNow;
			productReference = C39E71B72B15F6C800E7D3B4 /* WeatherNow.app */;
			productType = "com.apple.product-type.application";
		};
		C3E0E0AA2B7641D7003B7FCE /* WeatherNowTests */ = {
			isa = PBXNativeTarget;
			buildConfigurationList = C3E0E0B32B7641D7003B7FCE /* Build configuration list for PBXNativeTarget "WeatherNowTests" */;
			buildPhases = (
				C3E0E0A72B7641D7003B7FCE /* Sources */,
				C3E0E0A82B7641D7003B7FCE /* Frameworks */,
				C3E0E0A92B7641D7003B7FCE /* Resources */,
			);
			buildRules = (
			);
			dependencies = (
				C3E0E0B02B7641D7003B7FCE /* PBXTargetDependency */,
			);
			name = WeatherNowTests;
			productName = WeatherNowTests;
			productReference = C3E0E0AB2B7641D7003B7FCE /* WeatherNowTests.xctest */;
			productType = "com.apple.product-type.bundle.unit-test";
		};
/* End PBXNativeTarget section */

/* Begin PBXProject section */
		C39E71AF2B15F6C800E7D3B4 /* Project object */ = {
			isa = PBXProject;
			attributes = {
				BuildIndependentTargetsInParallel = 1;
				LastSwiftUpdateCheck = 1510;
				LastUpgradeCheck = 1510;
				TargetAttributes = {
					C39E71B62B15F6C800E7D3B4 = {
						CreatedOnToolsVersion = 14.3.1;
					};
					C3E0E0AA2B7641D7003B7FCE = {
						CreatedOnToolsVersion = 15.1;
						TestTargetID = C39E71B62B15F6C800E7D3B4;
					};
				};
			};
			buildConfigurationList = C39E71B22B15F6C800E7D3B4 /* Build configuration list for PBXProject "WeatherNow" */;
			compatibilityVersion = "Xcode 14.0";
			developmentRegion = en;
			hasScannedForEncodings = 0;
			knownRegions = (
				en,
				Base,
			);
			mainGroup = C39E71AE2B15F6C800E7D3B4;
			productRefGroup = C39E71B82B15F6C800E7D3B4 /* Products */;
			projectDirPath = "";
			projectRoot = "";
			targets = (
				C39E71B62B15F6C800E7D3B4 /* WeatherNow */,
				C3E0E0AA2B7641D7003B7FCE /* WeatherNowTests */,
			);
		};
/* End PBXProject section */

/* Begin PBXResourcesBuildPhase section */
		C39E71B52B15F6C800E7D3B4 /* Resources */ = {
			isa = PBXResourcesBuildPhase;
			buildActionMask = 2147483647;
			files = (
				C39E71C22B15F6CA00E7D3B4 /* Preview Assets.xcassets in Resources */,
				C39E71D72B1778E400E7D3B4 /* weatherData.json in Resources */,
				C39E71BF2B15F6CA00E7D3B4 /* Assets.xcassets in Resources */,
			);
			runOnlyForDeploymentPostprocessing = 0;
		};
		C3E0E0A92B7641D7003B7FCE /* Resources */ = {
			isa = PBXResourcesBuildPhase;
			buildActionMask = 2147483647;
			files = (
				C3E0E0B92B768B1B003B7FCE /* weatherData.json in Resources */,
			);
			runOnlyForDeploymentPostprocessing = 0;
		};
/* End PBXResourcesBuildPhase section */

/* Begin PBXSourcesBuildPhase section */
		C39E71B32B15F6C800E7D3B4 /* Sources */ = {
			isa = PBXSourcesBuildPhase;
			buildActionMask = 2147483647;
			files = (
				C39453702B17D61C00EA182F /* WeatherRow.swift in Sources */,
				C39E71D12B1608AC00E7D3B4 /* WeatherManager.swift in Sources */,
				C39453732B276A4500EA182F /* SevenDaysWeatherView.swift in Sources */,
				C39E71D92B177A1200E7D3B4 /* Extensions.swift in Sources */,
				C3D022992B5C2B420077297D /* Router.swift in Sources */,
				C32D6C4E2B2A1647005E4940 /* TemperaturesWeatherView.swift in Sources */,
				C3D0226D2B547E760077297D /* WeekdayWeatherView.swift in Sources */,
				C39E71BD2B15F6C800E7D3B4 /* ContentView.swift in Sources */,
				C32D6C4A2B2A1193005E4940 /* WeatherImageView.swift in Sources */,
				C39E71BB2B15F6C800E7D3B4 /* WeatherNowApp.swift in Sources */,
				C394536D2B17979100EA182F /* WeatherModel.swift in Sources */,
				C39E71CA2B15F7E700E7D3B4 /* LocationManager.swift in Sources */,
				C39E71CF2B1607F100E7D3B4 /* LoadingView.swift in Sources */,
				C39E71D52B1776C200E7D3B4 /* ModelData.swift in Sources */,
				C39E71D32B17766200E7D3B4 /* WeatherView.swift in Sources */,
				C39453752B276AB600EA182F /* DailyWeatherRowView.swift in Sources */,
				C32D6C502B2A1AED005E4940 /* ConditionsView.swift in Sources */,
			);
			runOnlyForDeploymentPostprocessing = 0;
		};
		C3E0E0A72B7641D7003B7FCE /* Sources */ = {
			isa = PBXSourcesBuildPhase;
			buildActionMask = 2147483647;
			files = (
				C3E0E0B52B764D6D003B7FCE /* ResponseBodyTests.swift in Sources */,
				C3E0E0B72B768529003B7FCE /* ExtensionsTests.swift in Sources */,
				C3E0E0BB2B768B91003B7FCE /* Decoder.swift in Sources */,
				C3E0E0AE2B7641D7003B7FCE /* WeatherNowTests.swift in Sources */,
			);
			runOnlyForDeploymentPostprocessing = 0;
		};
/* End PBXSourcesBuildPhase section */

/* Begin PBXTargetDependency section */
		C3E0E0B02B7641D7003B7FCE /* PBXTargetDependency */ = {
			isa = PBXTargetDependency;
			target = C39E71B62B15F6C800E7D3B4 /* WeatherNow */;
			targetProxy = C3E0E0AF2B7641D7003B7FCE /* PBXContainerItemProxy */;
		};
/* End PBXTargetDependency section */

/* Begin XCBuildConfiguration section */
		C39E71C32B15F6CA00E7D3B4 /* Debug */ = {
			isa = XCBuildConfiguration;
			buildSettings = {
				ALWAYS_SEARCH_USER_PATHS = NO;
				CLANG_ANALYZER_NONNULL = YES;
				CLANG_ANALYZER_NUMBER_OBJECT_CONVERSION = YES_AGGRESSIVE;
				CLANG_CXX_LANGUAGE_STANDARD = "gnu++20";
				CLANG_ENABLE_MODULES = YES;
				CLANG_ENABLE_OBJC_ARC = YES;
				CLANG_ENABLE_OBJC_WEAK = YES;
				CLANG_WARN_BLOCK_CAPTURE_AUTORELEASING = YES;
				CLANG_WARN_BOOL_CONVERSION = YES;
				CLANG_WARN_COMMA = YES;
				CLANG_WARN_CONSTANT_CONVERSION = YES;
				CLANG_WARN_DEPRECATED_OBJC_IMPLEMENTATIONS = YES;
				CLANG_WARN_DIRECT_OBJC_ISA_USAGE = YES_ERROR;
				CLANG_WARN_DOCUMENTATION_COMMENTS = YES;
				CLANG_WARN_EMPTY_BODY = YES;
				CLANG_WARN_ENUM_CONVERSION = YES;
				CLANG_WARN_INFINITE_RECURSION = YES;
				CLANG_WARN_INT_CONVERSION = YES;
				CLANG_WARN_NON_LITERAL_NULL_CONVERSION = YES;
				CLANG_WARN_OBJC_IMPLICIT_RETAIN_SELF = YES;
				CLANG_WARN_OBJC_LITERAL_CONVERSION = YES;
				CLANG_WARN_OBJC_ROOT_CLASS = YES_ERROR;
				CLANG_WARN_QUOTED_INCLUDE_IN_FRAMEWORK_HEADER = YES;
				CLANG_WARN_RANGE_LOOP_ANALYSIS = YES;
				CLANG_WARN_STRICT_PROTOTYPES = YES;
				CLANG_WARN_SUSPICIOUS_MOVE = YES;
				CLANG_WARN_UNGUARDED_AVAILABILITY = YES_AGGRESSIVE;
				CLANG_WARN_UNREACHABLE_CODE = YES;
				CLANG_WARN__DUPLICATE_METHOD_MATCH = YES;
				COPY_PHASE_STRIP = NO;
				DEBUG_INFORMATION_FORMAT = dwarf;
				ENABLE_STRICT_OBJC_MSGSEND = YES;
				ENABLE_TESTABILITY = YES;
				ENABLE_USER_SCRIPT_SANDBOXING = YES;
				GCC_C_LANGUAGE_STANDARD = gnu11;
				GCC_DYNAMIC_NO_PIC = NO;
				GCC_NO_COMMON_BLOCKS = YES;
				GCC_OPTIMIZATION_LEVEL = 0;
				GCC_PREPROCESSOR_DEFINITIONS = (
					"DEBUG=1",
					"$(inherited)",
				);
				GCC_WARN_64_TO_32_BIT_CONVERSION = YES;
				GCC_WARN_ABOUT_RETURN_TYPE = YES_ERROR;
				GCC_WARN_UNDECLARED_SELECTOR = YES;
				GCC_WARN_UNINITIALIZED_AUTOS = YES_AGGRESSIVE;
				GCC_WARN_UNUSED_FUNCTION = YES;
				GCC_WARN_UNUSED_VARIABLE = YES;
				IPHONEOS_DEPLOYMENT_TARGET = 16.4;
				MTL_ENABLE_DEBUG_INFO = INCLUDE_SOURCE;
				MTL_FAST_MATH = YES;
				ONLY_ACTIVE_ARCH = YES;
				SDKROOT = iphoneos;
				SWIFT_ACTIVE_COMPILATION_CONDITIONS = DEBUG;
				SWIFT_OPTIMIZATION_LEVEL = "-Onone";
			};
			name = Debug;
		};
		C39E71C42B15F6CA00E7D3B4 /* Release */ = {
			isa = XCBuildConfiguration;
			buildSettings = {
				ALWAYS_SEARCH_USER_PATHS = NO;
				CLANG_ANALYZER_NONNULL = YES;
				CLANG_ANALYZER_NUMBER_OBJECT_CONVERSION = YES_AGGRESSIVE;
				CLANG_CXX_LANGUAGE_STANDARD = "gnu++20";
				CLANG_ENABLE_MODULES = YES;
				CLANG_ENABLE_OBJC_ARC = YES;
				CLANG_ENABLE_OBJC_WEAK = YES;
				CLANG_WARN_BLOCK_CAPTURE_AUTORELEASING = YES;
				CLANG_WARN_BOOL_CONVERSION = YES;
				CLANG_WARN_COMMA = YES;
				CLANG_WARN_CONSTANT_CONVERSION = YES;
				CLANG_WARN_DEPRECATED_OBJC_IMPLEMENTATIONS = YES;
				CLANG_WARN_DIRECT_OBJC_ISA_USAGE = YES_ERROR;
				CLANG_WARN_DOCUMENTATION_COMMENTS = YES;
				CLANG_WARN_EMPTY_BODY = YES;
				CLANG_WARN_ENUM_CONVERSION = YES;
				CLANG_WARN_INFINITE_RECURSION = YES;
				CLANG_WARN_INT_CONVERSION = YES;
				CLANG_WARN_NON_LITERAL_NULL_CONVERSION = YES;
				CLANG_WARN_OBJC_IMPLICIT_RETAIN_SELF = YES;
				CLANG_WARN_OBJC_LITERAL_CONVERSION = YES;
				CLANG_WARN_OBJC_ROOT_CLASS = YES_ERROR;
				CLANG_WARN_QUOTED_INCLUDE_IN_FRAMEWORK_HEADER = YES;
				CLANG_WARN_RANGE_LOOP_ANALYSIS = YES;
				CLANG_WARN_STRICT_PROTOTYPES = YES;
				CLANG_WARN_SUSPICIOUS_MOVE = YES;
				CLANG_WARN_UNGUARDED_AVAILABILITY = YES_AGGRESSIVE;
				CLANG_WARN_UNREACHABLE_CODE = YES;
				CLANG_WARN__DUPLICATE_METHOD_MATCH = YES;
				COPY_PHASE_STRIP = NO;
				DEBUG_INFORMATION_FORMAT = "dwarf-with-dsym";
				ENABLE_NS_ASSERTIONS = NO;
				ENABLE_STRICT_OBJC_MSGSEND = YES;
				ENABLE_USER_SCRIPT_SANDBOXING = YES;
				GCC_C_LANGUAGE_STANDARD = gnu11;
				GCC_NO_COMMON_BLOCKS = YES;
				GCC_WARN_64_TO_32_BIT_CONVERSION = YES;
				GCC_WARN_ABOUT_RETURN_TYPE = YES_ERROR;
				GCC_WARN_UNDECLARED_SELECTOR = YES;
				GCC_WARN_UNINITIALIZED_AUTOS = YES_AGGRESSIVE;
				GCC_WARN_UNUSED_FUNCTION = YES;
				GCC_WARN_UNUSED_VARIABLE = YES;
				IPHONEOS_DEPLOYMENT_TARGET = 16.4;
				MTL_ENABLE_DEBUG_INFO = NO;
				MTL_FAST_MATH = YES;
				SDKROOT = iphoneos;
				SWIFT_COMPILATION_MODE = wholemodule;
				SWIFT_OPTIMIZATION_LEVEL = "-O";
				VALIDATE_PRODUCT = YES;
			};
			name = Release;
		};
		C39E71C62B15F6CA00E7D3B4 /* Debug */ = {
			isa = XCBuildConfiguration;
			buildSettings = {
				ASSETCATALOG_COMPILER_APPICON_NAME = AppIcon;
				ASSETCATALOG_COMPILER_GLOBAL_ACCENT_COLOR_NAME = AccentColor;
				CODE_SIGN_STYLE = Automatic;
				CURRENT_PROJECT_VERSION = 1;
				DEVELOPMENT_ASSET_PATHS = "\"WeatherNow/Preview Content\"";
				DEVELOPMENT_TEAM = TFAZP9B6NL;
				ENABLE_PREVIEWS = YES;
				GENERATE_INFOPLIST_FILE = YES;
				INFOPLIST_FILE = WeatherNow/Info.plist;
				INFOPLIST_KEY_NSLocationWhenInUseUsageDescription = "Need location for weather info";
				INFOPLIST_KEY_UIApplicationSceneManifest_Generation = YES;
				INFOPLIST_KEY_UIApplicationSupportsIndirectInputEvents = YES;
				INFOPLIST_KEY_UILaunchScreen_Generation = YES;
				INFOPLIST_KEY_UISupportedInterfaceOrientations_iPad = "UIInterfaceOrientationPortrait UIInterfaceOrientationPortraitUpsideDown UIInterfaceOrientationLandscapeLeft UIInterfaceOrientationLandscapeRight";
				INFOPLIST_KEY_UISupportedInterfaceOrientations_iPhone = "UIInterfaceOrientationPortrait UIInterfaceOrientationLandscapeLeft UIInterfaceOrientationLandscapeRight";
				LD_RUNPATH_SEARCH_PATHS = (
					"$(inherited)",
					"@executable_path/Frameworks",
				);
				MARKETING_VERSION = 1.0;
				PRODUCT_BUNDLE_IDENTIFIER = me.panagiotopoulou.xanthi.WeatherNow;
				PRODUCT_NAME = "$(TARGET_NAME)";
				SWIFT_EMIT_LOC_STRINGS = YES;
				SWIFT_VERSION = 5.0;
				TARGETED_DEVICE_FAMILY = "1,2";
			};
			name = Debug;
		};
		C39E71C72B15F6CA00E7D3B4 /* Release */ = {
			isa = XCBuildConfiguration;
			buildSettings = {
				ASSETCATALOG_COMPILER_APPICON_NAME = AppIcon;
				ASSETCATALOG_COMPILER_GLOBAL_ACCENT_COLOR_NAME = AccentColor;
				CODE_SIGN_STYLE = Automatic;
				CURRENT_PROJECT_VERSION = 1;
				DEVELOPMENT_ASSET_PATHS = "\"WeatherNow/Preview Content\"";
				DEVELOPMENT_TEAM = TFAZP9B6NL;
				ENABLE_PREVIEWS = YES;
				GENERATE_INFOPLIST_FILE = YES;
				INFOPLIST_FILE = WeatherNow/Info.plist;
				INFOPLIST_KEY_NSLocationWhenInUseUsageDescription = "Need location for weather info";
				INFOPLIST_KEY_UIApplicationSceneManifest_Generation = YES;
				INFOPLIST_KEY_UIApplicationSupportsIndirectInputEvents = YES;
				INFOPLIST_KEY_UILaunchScreen_Generation = YES;
				INFOPLIST_KEY_UISupportedInterfaceOrientations_iPad = "UIInterfaceOrientationPortrait UIInterfaceOrientationPortraitUpsideDown UIInterfaceOrientationLandscapeLeft UIInterfaceOrientationLandscapeRight";
				INFOPLIST_KEY_UISupportedInterfaceOrientations_iPhone = "UIInterfaceOrientationPortrait UIInterfaceOrientationLandscapeLeft UIInterfaceOrientationLandscapeRight";
				LD_RUNPATH_SEARCH_PATHS = (
					"$(inherited)",
					"@executable_path/Frameworks",
				);
				MARKETING_VERSION = 1.0;
				PRODUCT_BUNDLE_IDENTIFIER = me.panagiotopoulou.xanthi.WeatherNow;
				PRODUCT_NAME = "$(TARGET_NAME)";
				SWIFT_EMIT_LOC_STRINGS = YES;
				SWIFT_VERSION = 5.0;
				TARGETED_DEVICE_FAMILY = "1,2";
			};
			name = Release;
		};
		C3E0E0B12B7641D7003B7FCE /* Debug */ = {
			isa = XCBuildConfiguration;
			buildSettings = {
				ASSETCATALOG_COMPILER_GENERATE_SWIFT_ASSET_SYMBOL_EXTENSIONS = YES;
				BUNDLE_LOADER = "$(TEST_HOST)";
				CODE_SIGN_STYLE = Automatic;
				CURRENT_PROJECT_VERSION = 1;
				GCC_C_LANGUAGE_STANDARD = gnu17;
				GENERATE_INFOPLIST_FILE = YES;
				IPHONEOS_DEPLOYMENT_TARGET = 17.2;
				LOCALIZATION_PREFERS_STRING_CATALOGS = YES;
				MARKETING_VERSION = 1.0;
				PRODUCT_BUNDLE_IDENTIFIER = me.panagiotopoulou.xanthi.WeatherNowTests;
				PRODUCT_NAME = "$(TARGET_NAME)";
				SWIFT_ACTIVE_COMPILATION_CONDITIONS = "DEBUG $(inherited)";
				SWIFT_EMIT_LOC_STRINGS = NO;
				SWIFT_VERSION = 5.0;
				TARGETED_DEVICE_FAMILY = "1,2";
				TEST_HOST = "$(BUILT_PRODUCTS_DIR)/WeatherNow.app/$(BUNDLE_EXECUTABLE_FOLDER_PATH)/WeatherNow";
			};
			name = Debug;
		};
		C3E0E0B22B7641D7003B7FCE /* Release */ = {
			isa = XCBuildConfiguration;
			buildSettings = {
				ASSETCATALOG_COMPILER_GENERATE_SWIFT_ASSET_SYMBOL_EXTENSIONS = YES;
				BUNDLE_LOADER = "$(TEST_HOST)";
				CODE_SIGN_STYLE = Automatic;
				CURRENT_PROJECT_VERSION = 1;
				GCC_C_LANGUAGE_STANDARD = gnu17;
				GENERATE_INFOPLIST_FILE = YES;
				IPHONEOS_DEPLOYMENT_TARGET = 17.2;
				LOCALIZATION_PREFERS_STRING_CATALOGS = YES;
				MARKETING_VERSION = 1.0;
				PRODUCT_BUNDLE_IDENTIFIER = me.panagiotopoulou.xanthi.WeatherNowTests;
				PRODUCT_NAME = "$(TARGET_NAME)";
				SWIFT_EMIT_LOC_STRINGS = NO;
				SWIFT_VERSION = 5.0;
				TARGETED_DEVICE_FAMILY = "1,2";
				TEST_HOST = "$(BUILT_PRODUCTS_DIR)/WeatherNow.app/$(BUNDLE_EXECUTABLE_FOLDER_PATH)/WeatherNow";
			};
			name = Release;
		};
/* End XCBuildConfiguration section */

/* Begin XCConfigurationList section */
		C39E71B22B15F6C800E7D3B4 /* Build configuration list for PBXProject "WeatherNow" */ = {
			isa = XCConfigurationList;
			buildConfigurations = (
				C39E71C32B15F6CA00E7D3B4 /* Debug */,
				C39E71C42B15F6CA00E7D3B4 /* Release */,
			);
			defaultConfigurationIsVisible = 0;
			defaultConfigurationName = Release;
		};
		C39E71C52B15F6CA00E7D3B4 /* Build configuration list for PBXNativeTarget "WeatherNow" */ = {
			isa = XCConfigurationList;
			buildConfigurations = (
				C39E71C62B15F6CA00E7D3B4 /* Debug */,
				C39E71C72B15F6CA00E7D3B4 /* Release */,
			);
			defaultConfigurationIsVisible = 0;
			defaultConfigurationName = Release;
		};
		C3E0E0B32B7641D7003B7FCE /* Build configuration list for PBXNativeTarget "WeatherNowTests" */ = {
			isa = XCConfigurationList;
			buildConfigurations = (
				C3E0E0B12B7641D7003B7FCE /* Debug */,
				C3E0E0B22B7641D7003B7FCE /* Release */,
			);
			defaultConfigurationIsVisible = 0;
			defaultConfigurationName = Release;
		};
/* End XCConfigurationList section */
	};
	rootObject = C39E71AF2B15F6C800E7D3B4 /* Project object */;
}
